
Microsoft Visual Studio Solution File, Format Version 12.00
# Visual Studio Version 17
VisualStudioVersion = 17.7.34024.191
MinimumVisualStudioVersion = 10.0.40219.1
Project("{9A19103F-16F7-4668-BE54-9A1E7A4F7556}") = "ProjectoFinalM3", "ProjectoFinalM3\ProjectoFinalM3.csproj", "{225AAA1D-0683-4617-987A-3DFD43BC240F}"
EndProject
Project("{9A19103F-16F7-4668-BE54-9A1E7A4F7556}") = "eConsultasWebAPI", "eConsultasWebAPI\eConsultasWebAPI\eConsultasWebAPI.csproj", "{00531769-D02B-4E87-B5F0-E6741A8679DE}"
EndProject
Project("{9A19103F-16F7-4668-BE54-9A1E7A4F7556}") = "LibBiz", "LibBiz\LibBiz.csproj", "{999FE4AE-767E-4363-A452-00E54E5B6D9C}"
EndProject
Global
	GlobalSection(SolutionConfigurationPlatforms) = preSolution
		Debug|Any CPU = Debug|Any CPU
		Release|Any CPU = Release|Any CPU
	EndGlobalSection
	GlobalSection(ProjectConfigurationPlatforms) = postSolution
		{225AAA1D-0683-4617-987A-3DFD43BC240F}.Debug|Any CPU.ActiveCfg = Debug|Any CPU
		{225AAA1D-0683-4617-987A-3DFD43BC240F}.Debug|Any CPU.Build.0 = Debug|Any CPU
		{225AAA1D-0683-4617-987A-3DFD43BC240F}.Release|Any CPU.ActiveCfg = Release|Any CPU
		{225AAA1D-0683-4617-987A-3DFD43BC240F}.Release|Any CPU.Build.0 = Release|Any CPU
		{00531769-D02B-4E87-B5F0-E6741A8679DE}.Debug|Any CPU.ActiveCfg = Debug|Any CPU
		{00531769-D02B-4E87-B5F0-E6741A8679DE}.Debug|Any CPU.Build.0 = Debug|Any CPU
		{00531769-D02B-4E87-B5F0-E6741A8679DE}.Release|Any CPU.ActiveCfg = Release|Any CPU
		{00531769-D02B-4E87-B5F0-E6741A8679DE}.Release|Any CPU.Build.0 = Release|Any CPU
		{999FE4AE-767E-4363-A452-00E54E5B6D9C}.Debug|Any CPU.ActiveCfg = Debug|Any CPU
		{999FE4AE-767E-4363-A452-00E54E5B6D9C}.Debug|Any CPU.Build.0 = Debug|Any CPU
		{999FE4AE-767E-4363-A452-00E54E5B6D9C}.Release|Any CPU.ActiveCfg = Release|Any CPU
		{999FE4AE-767E-4363-A452-00E54E5B6D9C}.Release|Any CPU.Build.0 = Release|Any CPU
	EndGlobalSection
	GlobalSection(SolutionProperties) = preSolution
		HideSolutionNode = FALSE
	EndGlobalSection
	GlobalSection(ExtensibilityGlobals) = postSolution
		SolutionGuid = {6A65899B-536B-4874-99BB-99E733C8F9FD}
	EndGlobalSection
EndGlobal
